
Microsoft Visual Studio Solution File, Format Version 12.00
# Visual Studio Version 17
VisualStudioVersion = 17.5.33414.496
MinimumVisualStudioVersion = 10.0.40219.1
Project("{FAE04EC0-301F-11D3-BF4B-00C04F79EFBC}") = "APBD", "APBD\APBD.csproj", "{F427AF97-4AAC-4B2F-A0F1-F880BF946D89}"
EndProject
Global
	GlobalSection(SolutionConfigurationPlatforms) = preSolution
		Debug|Any CPU = Debug|Any CPU
		Release|Any CPU = Release|Any CPU
	EndGlobalSection
	GlobalSection(ProjectConfigurationPlatforms) = postSolution
		{F427AF97-4AAC-4B2F-A0F1-F880BF946D89}.Debug|Any CPU.ActiveCfg = Debug|Any CPU
		{F427AF97-4AAC-4B2F-A0F1-F880BF946D89}.Debug|Any CPU.Build.0 = Debug|Any CPU
		{F427AF97-4AAC-4B2F-A0F1-F880BF946D89}.Release|Any CPU.ActiveCfg = Release|Any CPU
		{F427AF97-4AAC-4B2F-A0F1-F880BF946D89}.Release|Any CPU.Build.0 = Release|Any CPU
	EndGlobalSection
	GlobalSection(SolutionProperties) = preSolution
		HideSolutionNode = FALSE
	EndGlobalSection
	GlobalSection(ExtensibilityGlobals) = postSolution
		SolutionGuid = {57304C89-BC35-4BBA-A586-3B2A3BC30A97}
	EndGlobalSection
EndGlobal
